
Microsoft Visual Studio Solution File, Format Version 12.00
# Visual Studio Version 18
VisualStudioVersion = 18.7.11911.148 stable
MinimumVisualStudioVersion = 10.0.40219.1
Project("{FAE04EC0-301F-11D3-BF4B-00C04F79EFBC}") = "BidDocMagic", "BidDocMagic.csproj", "{5BF9BCCA-888A-45F7-9C98-34F1F6981B85}"
EndProject
Global
	GlobalSection(SolutionConfigurationPlatforms) = preSolution
		Debug|Any CPU = Debug|Any CPU
		Debug|x64 = Debug|x64
		Release|Any CPU = Release|Any CPU
		Release|x64 = Release|x64
	EndGlobalSection
	GlobalSection(ProjectConfigurationPlatforms) = postSolution
		{5BF9BCCA-888A-45F7-9C98-34F1F6981B85}.Debug|Any CPU.ActiveCfg = Debug|Any CPU
		{5BF9BCCA-888A-45F7-9C98-34F1F6981B85}.Debug|Any CPU.Build.0 = Debug|Any CPU
		{5BF9BCCA-888A-45F7-9C98-34F1F6981B85}.Debug|x64.ActiveCfg = Debug|x64
		{5BF9BCCA-888A-45F7-9C98-34F1F6981B85}.Debug|x64.Build.0 = Debug|x64
		{5BF9BCCA-888A-45F7-9C98-34F1F6981B85}.Release|Any CPU.ActiveCfg = Release|Any CPU
		{5BF9BCCA-888A-45F7-9C98-34F1F6981B85}.Release|Any CPU.Build.0 = Release|Any CPU
		{5BF9BCCA-888A-45F7-9C98-34F1F6981B85}.Release|x64.ActiveCfg = Release|x64
		{5BF9BCCA-888A-45F7-9C98-34F1F6981B85}.Release|x64.Build.0 = Release|x64
	EndGlobalSection
	GlobalSection(SolutionProperties) = preSolution
		HideSolutionNode = FALSE
	EndGlobalSection
	GlobalSection(ExtensibilityGlobals) = postSolution
		SolutionGuid = {0A339FCE-364E-4904-A924-EBB913220CFE}
	EndGlobalSection
EndGlobal
